Microsoft Visual Studio Solution File, Format Version 8.00
Project("{8BC9CEB8-8B4A-11D0-8D11-00A0C91BC942}") = "dcsmsg", "dcsmsg.vcproj", "{D5E64883-BAB5-49F2-9600-10E23FCEC6CE}"
	ProjectSection(ProjectDependencies) = postProject
	EndProjectSection
EndProject
Global
	GlobalSection(SolutionConfiguration) = preSolution
		Debug = Debug
		Release = Release
	EndGlobalSection
	GlobalSection(ProjectConfiguration) = postSolution
		{D5E64883-BAB5-49F2-9600-10E23FCEC6CE}.Debug.ActiveCfg = Debug|Win32
		{D5E64883-BAB5-49F2-9600-10E23FCEC6CE}.Debug.Build.0 = Debug|Win32
		{D5E64883-BAB5-49F2-9600-10E23FCEC6CE}.Release.ActiveCfg = Release|Win32
		{D5E64883-BAB5-49F2-9600-10E23FCEC6CE}.Release.Build.0 = Release|Win32
	EndGlobalSection
	GlobalSection(ExtensibilityGlobals) = postSolution
	EndGlobalSection
	GlobalSection(ExtensibilityAddIns) = postSolution
	EndGlobalSection
EndGlobal
